
Microsoft Visual Studio Solution File, Format Version 12.00
# Visual Studio 15
VisualStudioVersion = 15.0.28307.329
MinimumVisualStudioVersion = 10.0.40219.1
Project("{FAE04EC0-301F-11D3-BF4B-00C04F79EFBC}") = "ShoppingEngine", "ShoppingEngine\ShoppingEngine.csproj", "{6F9A20C5-B858-4C7B-8D2D-1A9999BC0AF7}"
EndProject
Global
	GlobalSection(SolutionConfigurationPlatforms) = preSolution
		Debug|Any CPU = Debug|Any CPU
		Release|Any CPU = Release|Any CPU
	EndGlobalSection
	GlobalSection(ProjectConfigurationPlatforms) = postSolution
		{6F9A20C5-B858-4C7B-8D2D-1A9999BC0AF7}.Debug|Any CPU.ActiveCfg = Debug|Any CPU
		{6F9A20C5-B858-4C7B-8D2D-1A9999BC0AF7}.Debug|Any CPU.Build.0 = Debug|Any CPU
		{6F9A20C5-B858-4C7B-8D2D-1A9999BC0AF7}.Release|Any CPU.ActiveCfg = Release|Any CPU
		{6F9A20C5-B858-4C7B-8D2D-1A9999BC0AF7}.Release|Any CPU.Build.0 = Release|Any CPU
	EndGlobalSection
	GlobalSection(SolutionProperties) = preSolution
		HideSolutionNode = FALSE
	EndGlobalSection
	GlobalSection(ExtensibilityGlobals) = postSolution
		SolutionGuid = {321E4CCC-5F7E-4A39-B7E5-2D03658EFC58}
	EndGlobalSection
EndGlobal
